
Microsoft Visual Studio Solution File, Format Version 12.00
# Visual Studio Version 16
VisualStudioVersion = 16.0.30320.27
MinimumVisualStudioVersion = 10.0.40219.1
Project("{FAE04EC0-301F-11D3-BF4B-00C04F79EFBC}") = "Capusan_DanielaMaria_Lab6", "Capusan_DanielaMaria_Lab6.csproj", "{0A397D9E-487D-4A47-A6F7-2BEF66E1F65C}"
EndProject
Project("{FAE04EC0-301F-11D3-BF4B-00C04F79EFBC}") = "AutoLotModel", "..\AutoLotModel\AutoLotModel.csproj", "{A5050DEB-78BD-4E35-B508-F16AAD54365E}"
EndProject
Global
	GlobalSection(SolutionConfigurationPlatforms) = preSolution
		Debug|Any CPU = Debug|Any CPU
		Release|Any CPU = Release|Any CPU
	EndGlobalSection
	GlobalSection(ProjectConfigurationPlatforms) = postSolution
		{0A397D9E-487D-4A47-A6F7-2BEF66E1F65C}.Debug|Any CPU.ActiveCfg = Debug|Any CPU
		{0A397D9E-487D-4A47-A6F7-2BEF66E1F65C}.Debug|Any CPU.Build.0 = Debug|Any CPU
		{0A397D9E-487D-4A47-A6F7-2BEF66E1F65C}.Release|Any CPU.ActiveCfg = Release|Any CPU
		{0A397D9E-487D-4A47-A6F7-2BEF66E1F65C}.Release|Any CPU.Build.0 = Release|Any CPU
		{A5050DEB-78BD-4E35-B508-F16AAD54365E}.Debug|Any CPU.ActiveCfg = Debug|Any CPU
		{A5050DEB-78BD-4E35-B508-F16AAD54365E}.Debug|Any CPU.Build.0 = Debug|Any CPU
		{A5050DEB-78BD-4E35-B508-F16AAD54365E}.Release|Any CPU.ActiveCfg = Release|Any CPU
		{A5050DEB-78BD-4E35-B508-F16AAD54365E}.Release|Any CPU.Build.0 = Release|Any CPU
	EndGlobalSection
	GlobalSection(SolutionProperties) = preSolution
		HideSolutionNode = FALSE
	EndGlobalSection
	GlobalSection(ExtensibilityGlobals) = postSolution
		SolutionGuid = {CCEA08A6-1A8B-49AD-94A6-93169B389B82}
	EndGlobalSection
EndGlobal
